// !$*UTF8*$!
{
	archiveVersion = 1;
	classes = {
	};
	objectVersion = 50;
	objects = {

/* Begin PBXBuildFile section */
		7517E8F521B2636D00945AD1 /* SentMemesTableViewController.swift in Sources */ = {isa = PBXBuildFile; fileRef = 7517E8F421B2636D00945AD1 /* SentMemesTableViewController.swift */; };
		7517E8F721B273D000945AD1 /* SentMemesCollectionViewController.swift in Sources */ = {isa = PBXBuildFile; fileRef = 7517E8F621B273D000945AD1 /* SentMemesCollectionViewController.swift */; };
		7517E8F921B275CA00945AD1 /* TableCell.swift in Sources */ = {isa = PBXBuildFile; fileRef = 7517E8F821B275CA00945AD1 /* TableCell.swift */; };
		7517E8FB21B275D900945AD1 /* CollectionCell.swift in Sources */ = {isa = PBXBuildFile; fileRef = 7517E8FA21B275D900945AD1 /* CollectionCell.swift */; };
		7517E8FD21B27BCB00945AD1 /* DetailViewController.swift in Sources */ = {isa = PBXBuildFile; fileRef = 7517E8FC21B27BCB00945AD1 /* DetailViewController.swift */; };
		75568B422196CAF3005C72AF /* AppDelegate.swift in Sources */ = {isa = PBXBuildFile; fileRef = 75568B412196CAF3005C72AF /* AppDelegate.swift */; };
		75568B442196CAF3005C72AF /* MemeEditorViewController.swift in Sources */ = {isa = PBXBuildFile; fileRef = 75568B432196CAF3005C72AF /* MemeEditorViewController.swift */; };
		75568B472196CAF3005C72AF /* Main.storyboard in Resources */ = {isa = PBXBuildFile; fileRef = 75568B452196CAF3005C72AF /* Main.storyboard */; };
		75568B492196CAF6005C72AF /* Assets.xcassets in Resources */ = {isa = PBXBuildFile; fileRef = 75568B482196CAF6005C72AF /* Assets.xcassets */; };
		75568B4C2196CAF7005C72AF /* LaunchScreen.storyboard in Resources */ = {isa = PBXBuildFile; fileRef = 75568B4A2196CAF7005C72AF /* LaunchScreen.storyboard */; };
		75568B572196CAF7005C72AF /* MemeMeTests.swift in Sources */ = {isa = PBXBuildFile; fileRef = 75568B562196CAF7005C72AF /* MemeMeTests.swift */; };
		75568B622196CAF7005C72AF /* MemeMeUITests.swift in Sources */ = {isa = PBXBuildFile; fileRef = 75568B612196CAF7005C72AF /* MemeMeUITests.swift */; };
		75568B7021A5B772005C72AF /* MemeModel.swift in Sources */ = {isa = PBXBuildFile; fileRef = 75568B6F21A5B771005C72AF /* MemeModel.swift */; };
/* End PBXBuildFile section */

/* Begin PBXContainerItemProxy section */
		75568B532196CAF7005C72AF /* PBXContainerItemProxy */ = {
			isa = PBXContainerItemProxy;
			containerPortal = 75568B362196CAF3005C72AF /* Project object */;
			proxyType = 1;
			remoteGlobalIDString = 75568B3D2196CAF3005C72AF;
			remoteInfo = MemeMe;
		};
		75568B5E2196CAF7005C72AF /* PBXContainerItemProxy */ = {
			isa = PBXContainerItemProxy;
			containerPortal = 75568B362196CAF3005C72AF /* Project object */;
			proxyType = 1;
			remoteGlobalIDString = 75568B3D2196CAF3005C72AF;
			remoteInfo = MemeMe;
		};
/* End PBXContainerItemProxy section */

/* Begin PBXFileReference section */
		7517E8F421B2636D00945AD1 /* SentMemesTableViewController.swift */ = {isa = PBXFileReference; lastKnownFileType = sourcecode.swift; path = SentMemesTableViewController.swift; sourceTree = "<group>"; };
		7517E8F621B273D000945AD1 /* SentMemesCollectionViewController.swift */ = {isa = PBXFileReference; lastKnownFileType = sourcecode.swift; path = SentMemesCollectionViewController.swift; sourceTree = "<group>"; };
		7517E8F821B275CA00945AD1 /* TableCell.swift */ = {isa = PBXFileReference; lastKnownFileType = sourcecode.swift; path = TableCell.swift; sourceTree = "<group>"; };
		7517E8FA21B275D900945AD1 /* CollectionCell.swift */ = {isa = PBXFileReference; lastKnownFileType = sourcecode.swift; path = CollectionCell.swift; sourceTree = "<group>"; };
		7517E8FC21B27BCB00945AD1 /* DetailViewController.swift */ = {isa = PBXFileReference; lastKnownFileType = sourcecode.swift; path = DetailViewController.swift; sourceTree = "<group>"; };
		75568B3E2196CAF3005C72AF /* MemeMe.app */ = {isa = PBXFileReference; explicitFileType = wrapper.application; includeInIndex = 0; path = MemeMe.app; sourceTree = BUILT_PRODUCTS_DIR; };
		75568B412196CAF3005C72AF /* AppDelegate.swift */ = {isa = PBXFileReference; lastKnownFileType = sourcecode.swift; path = AppDelegate.swift; sourceTree = "<group>"; };
		75568B432196CAF3005C72AF /* MemeEditorViewController.swift */ = {isa = PBXFileReference; lastKnownFileType = sourcecode.swift; path = MemeEditorViewController.swift; sourceTree = "<group>"; };
		75568B462196CAF3005C72AF /* Base */ = {isa = PBXFileReference; lastKnownFileType = file.storyboard; name = Base; path = Base.lproj/Main.storyboard; sourceTree = "<group>"; };
		75568B482196CAF6005C72AF /* Assets.xcassets */ = {isa = PBXFileReference; lastKnownFileType = folder.assetcatalog; path = Assets.xcassets; sourceTree = "<group>"; };
		75568B4B2196CAF7005C72AF /* Base */ = {isa = PBXFileReference; lastKnownFileType = file.storyboard; name = Base; path = Base.lproj/LaunchScreen.storyboard; sourceTree = "<group>"; };
		75568B4D2196CAF7005C72AF /* Info.plist */ = {isa = PBXFileReference; lastKnownFileType = text.plist.xml; path = Info.plist; sourceTree = "<group>"; };
		75568B522196CAF7005C72AF /* MemeMeTests.xctest */ = {isa = PBXFileReference; explicitFileType = wrapper.cfbundle; includeInIndex = 0; path = MemeMeTests.xctest; sourceTree = BUILT_PRODUCTS_DIR; };
		75568B562196CAF7005C72AF /* MemeMeTests.swift */ = {isa = PBXFileReference; lastKnownFileType = sourcecode.swift; path = MemeMeTests.swift; sourceTree = "<group>"; };
		75568B582196CAF7005C72AF /* Info.plist */ = {isa = PBXFileReference; lastKnownFileType = text.plist.xml; path = Info.plist; sourceTree = "<group>"; };
		75568B5D2196CAF7005C72AF /* MemeMeUITests.xctest */ = {isa = PBXFileReference; explicitFileType = wrapper.cfbundle; includeInIndex = 0; path = MemeMeUITests.xctest; sourceTree = BUILT_PRODUCTS_DIR; };
		75568B612196CAF7005C72AF /* MemeMeUITests.swift */ = {isa = PBXFileReference; lastKnownFileType = sourcecode.swift; path = MemeMeUITests.swift; sourceTree = "<group>"; };
		75568B632196CAF7005C72AF /* Info.plist */ = {isa = PBXFileReference; lastKnownFileType = text.plist.xml; path = Info.plist; sourceTree = "<group>"; };
		75568B6F21A5B771005C72AF /* MemeModel.swift */ = {isa = PBXFileReference; lastKnownFileType = sourcecode.swift; path = MemeModel.swift; sourceTree = "<group>"; };
/* End PBXFileReference section */

/* Begin PBXFrameworksBuildPhase section */
		75568B3B2196CAF3005C72AF /* Frameworks */ = {
			isa = PBXFrameworksBuildPhase;
			buildActionMask = 2147483647;
			files = (
			);
			runOnlyForDeploymentPostprocessing = 0;
		};
		75568B4F2196CAF7005C72AF /* Frameworks */ = {
			isa = PBXFrameworksBuildPhase;
			buildActionMask = 2147483647;
			files = (
			);
			runOnlyForDeploymentPostprocessing = 0;
		};
		75568B5A2196CAF7005C72AF /* Frameworks */ = {
			isa = PBXFrameworksBuildPhase;
			buildActionMask = 2147483647;
			files = (
			);
			runOnlyForDeploymentPostprocessing = 0;
		};
/* End PBXFrameworksBuildPhase section */

/* Begin PBXGroup section */
		75568B352196CAF3005C72AF = {
			isa = PBXGroup;
			children = (
				75568B402196CAF3005C72AF /* MemeMe */,
				75568B552196CAF7005C72AF /* MemeMeTests */,
				75568B602196CAF7005C72AF /* MemeMeUITests */,
				75568B3F2196CAF3005C72AF /* Products */,
			);
			sourceTree = "<group>";
		};
		75568B3F2196CAF3005C72AF /* Products */ = {
			isa = PBXGroup;
			children = (
				75568B3E2196CAF3005C72AF /* MemeMe.app */,
				75568B522196CAF7005C72AF /* MemeMeTests.xctest */,
				75568B5D2196CAF7005C72AF /* MemeMeUITests.xctest */,
			);
			name = Products;
			sourceTree = "<group>";
		};
		75568B402196CAF3005C72AF /* MemeMe */ = {
			isa = PBXGroup;
			children = (
				75568B412196CAF3005C72AF /* AppDelegate.swift */,
				75568B432196CAF3005C72AF /* MemeEditorViewController.swift */,
				75568B452196CAF3005C72AF /* Main.storyboard */,
				75568B482196CAF6005C72AF /* Assets.xcassets */,
				75568B4A2196CAF7005C72AF /* LaunchScreen.storyboard */,
				75568B4D2196CAF7005C72AF /* Info.plist */,
				75568B6F21A5B771005C72AF /* MemeModel.swift */,
				7517E8F421B2636D00945AD1 /* SentMemesTableViewController.swift */,
				7517E8F621B273D000945AD1 /* SentMemesCollectionViewController.swift */,
				7517E8F821B275CA00945AD1 /* TableCell.swift */,
				7517E8FA21B275D900945AD1 /* CollectionCell.swift */,
				7517E8FC21B27BCB00945AD1 /* DetailViewController.swift */,
			);
			path = MemeMe;
			sourceTree = "<group>";
		};
		75568B552196CAF7005C72AF /* MemeMeTests */ = {
			isa = PBXGroup;
			children = (
				75568B562196CAF7005C72AF /* MemeMeTests.swift */,
				75568B582196CAF7005C72AF /* Info.plist */,
			);
			path = MemeMeTests;
			sourceTree = "<group>";
		};
		75568B602196CAF7005C72AF /* MemeMeUITests */ = {
			isa = PBXGroup;
			children = (
				75568B612196CAF7005C72AF /* MemeMeUITests.swift */,
				75568B632196CAF7005C72AF /* Info.plist */,
			);
			path = MemeMeUITests;
			sourceTree = "<group>";
		};
/* End PBXGroup section */

/* Begin PBXNativeTarget section */
		75568B3D2196CAF3005C72AF /* MemeMe */ = {
			isa = PBXNativeTarget;
			buildConfigurationList = 75568B662196CAF7005C72AF /* Build configuration list for PBXNativeTarget "MemeMe" */;
			buildPhases = (
				75568B3A2196CAF3005C72AF /* Sources */,
				75568B3B2196CAF3005C72AF /* Frameworks */,
				75568B3C2196CAF3005C72AF /* Resources */,
			);
			buildRules = (
			);
			dependencies = (
			);
			name = MemeMe;
			productName = MemeMe;
			productReference = 75568B3E2196CAF3005C72AF /* MemeMe.app */;
			productType = "com.apple.product-type.application";
		};
		75568B512196CAF7005C72AF /* MemeMeTests */ = {
			isa = PBXNativeTarget;
			buildConfigurationList = 75568B692196CAF7005C72AF /* Build configuration list for PBXNativeTarget "MemeMeTests" */;
			buildPhases = (
				75568B4E2196CAF7005C72AF /* Sources */,
				75568B4F2196CAF7005C72AF /* Frameworks */,
				75568B502196CAF7005C72AF /* Resources */,
			);
			buildRules = (
			);
			dependencies = (
				75568B542196CAF7005C72AF /* PBXTargetDependency */,
			);
			name = MemeMeTests;
			productName = MemeMeTests;
			productReference = 75568B522196CAF7005C72AF /* MemeMeTests.xctest */;
			productType = "com.apple.product-type.bundle.unit-test";
		};
		75568B5C2196CAF7005C72AF /* MemeMeUITests */ = {
			isa = PBXNativeTarget;
			buildConfigurationList = 75568B6C2196CAF7005C72AF /* Build configuration list for PBXNativeTarget "MemeMeUITests" */;
			buildPhases = (
				75568B592196CAF7005C72AF /* Sources */,
				75568B5A2196CAF7005C72AF /* Frameworks */,
				75568B5B2196CAF7005C72AF /* Resources */,
			);
			buildRules = (
			);
			dependencies = (
				75568B5F2196CAF7005C72AF /* PBXTargetDependency */,
			);
			name = MemeMeUITests;
			productName = MemeMeUITests;
			productReference = 75568B5D2196CAF7005C72AF /* MemeMeUITests.xctest */;
			productType = "com.apple.product-type.bundle.ui-testing";
		};
/* End PBXNativeTarget section */

/* Begin PBXProject section */
		75568B362196CAF3005C72AF /* Project object */ = {
			isa = PBXProject;
			attributes = {
				LastSwiftUpdateCheck = 1010;
				LastUpgradeCheck = 1010;
				ORGANIZATIONNAME = "Hessa Mohamed";
				TargetAttributes = {
					75568B3D2196CAF3005C72AF = {
						CreatedOnToolsVersion = 10.1;
					};
					75568B512196CAF7005C72AF = {
						CreatedOnToolsVersion = 10.1;
						TestTargetID = 75568B3D2196CAF3005C72AF;
					};
					75568B5C2196CAF7005C72AF = {
						CreatedOnToolsVersion = 10.1;
						TestTargetID = 75568B3D2196CAF3005C72AF;
					};
				};
			};
			buildConfigurationList = 75568B392196CAF3005C72AF /* Build configuration list for PBXProject "MemeMe" */;
			compatibilityVersion = "Xcode 9.3";
			developmentRegion = en;
			hasScannedForEncodings = 0;
			knownRegions = (
				en,
				Base,
			);
			mainGroup = 75568B352196CAF3005C72AF;
			productRefGroup = 75568B3F2196CAF3005C72AF /* Products */;
			projectDirPath = "";
			projectRoot = "";
			targets = (
				75568B3D2196CAF3005C72AF /* MemeMe */,
				75568B512196CAF7005C72AF /* MemeMeTests */,
				75568B5C2196CAF7005C72AF /* MemeMeUITests */,
			);
		};
/* End PBXProject section */

/* Begin PBXResourcesBuildPhase section */
		75568B3C2196CAF3005C72AF /* Resources */ = {
			isa = PBXResourcesBuildPhase;
			buildActionMask = 2147483647;
			files = (
				75568B4C2196CAF7005C72AF /* LaunchScreen.storyboard in Resources */,
				75568B492196CAF6005C72AF /* Assets.xcassets in Resources */,
				75568B472196CAF3005C72AF /* Main.storyboard in Resources */,
			);
			runOnlyForDeploymentPostprocessing = 0;
		};
		75568B502196CAF7005C72AF /* Resources */ = {
			isa = PBXResourcesBuildPhase;
			buildActionMask = 2147483647;
			files = (
			);
			runOnlyForDeploymentPostprocessing = 0;
		};
		75568B5B2196CAF7005C72AF /* Resources */ = {
			isa = PBXResourcesBuildPhase;
			buildActionMask = 2147483647;
			files = (
			);
			runOnlyForDeploymentPostprocessing = 0;
		};
/* End PBXResourcesBuildPhase section */

/* Begin PBXSourcesBuildPhase section */
		75568B3A2196CAF3005C72AF /* Sources */ = {
			isa = PBXSourcesBuildPhase;
			buildActionMask = 2147483647;
			files = (
				7517E8F921B275CA00945AD1 /* TableCell.swift in Sources */,
				75568B442196CAF3005C72AF /* MemeEditorViewController.swift in Sources */,
				75568B7021A5B772005C72AF /* MemeModel.swift in Sources */,
				7517E8F721B273D000945AD1 /* SentMemesCollectionViewController.swift in Sources */,
				7517E8FB21B275D900945AD1 /* CollectionCell.swift in Sources */,
				7517E8F521B2636D00945AD1 /* SentMemesTableViewController.swift in Sources */,
				75568B422196CAF3005C72AF /* AppDelegate.swift in Sources */,
				7517E8FD21B27BCB00945AD1 /* DetailViewController.swift in Sources */,
			);
			runOnlyForDeploymentPostprocessing = 0;
		};
		75568B4E2196CAF7005C72AF /* Sources */ = {
			isa = PBXSourcesBuildPhase;
			buildActionMask = 2147483647;
			files = (
				75568B572196CAF7005C72AF /* MemeMeTests.swift in Sources */,
			);
			runOnlyForDeploymentPostprocessing = 0;
		};
		75568B592196CAF7005C72AF /* Sources */ = {
			isa = PBXSourcesBuildPhase;
			buildActionMask = 2147483647;
			files = (
				75568B622196CAF7005C72AF /* MemeMeUITests.swift in Sources */,
			);
			runOnlyForDeploymentPostprocessing = 0;
		};
/* End PBXSourcesBuildPhase section */

/* Begin PBXTargetDependency section */
		75568B542196CAF7005C72AF /* PBXTargetDependency */ = {
			isa = PBXTargetDependency;
			target = 75568B3D2196CAF3005C72AF /* MemeMe */;
			targetProxy = 75568B532196CAF7005C72AF /* PBXContainerItemProxy */;
		};
		75568B5F2196CAF7005C72AF /* PBXTargetDependency */ = {
			isa = PBXTargetDependency;
			target = 75568B3D2196CAF3005C72AF /* MemeMe */;
			targetProxy = 75568B5E2196CAF7005C72AF /* PBXContainerItemProxy */;
		};
/* End PBXTargetDependency section */

/* Begin PBXVariantGroup section */
		75568B452196CAF3005C72AF /* Main.storyboard */ = {
			isa = PBXVariantGroup;
			children = (
				75568B462196CAF3005C72AF /* Base */,
			);
			name = Main.storyboard;
			sourceTree = "<group>";
		};
		75568B4A2196CAF7005C72AF /* LaunchScreen.storyboard */ = {
			isa = PBXVariantGroup;
			children = (
				75568B4B2196CAF7005C72AF /* Base */,
			);
			name = LaunchScreen.storyboard;
			sourceTree = "<group>";
		};
/* End PBXVariantGroup section */

/* Begin XCBuildConfiguration section */
		75568B642196CAF7005C72AF /* Debug */ = {
			isa = XCBuildConfiguration;
			buildSettings = {
				ALWAYS_SEARCH_USER_PATHS = NO;
				CLANG_ANALYZER_NONNULL = YES;
				CLANG_ANALYZER_NUMBER_OBJECT_CONVERSION = YES_AGGRESSIVE;
				CLANG_CXX_LANGUAGE_STANDARD = "gnu++14";
				CLANG_CXX_LIBRARY = "libc++";
				CLANG_ENABLE_MODULES = YES;
				CLANG_ENABLE_OBJC_ARC = YES;
				CLANG_ENABLE_OBJC_WEAK = YES;
				CLANG_WARN_BLOCK_CAPTURE_AUTORELEASING = YES;
				CLANG_WARN_BOOL_CONVERSION = YES;
				CLANG_WARN_COMMA = YES;
				CLANG_WARN_CONSTANT_CONVERSION = YES;
				CLANG_WARN_DEPRECATED_OBJC_IMPLEMENTATIONS = YES;
				CLANG_WARN_DIRECT_OBJC_ISA_USAGE = YES_ERROR;
				CLANG_WARN_DOCUMENTATION_COMMENTS = YES;
				CLANG_WARN_EMPTY_BODY = YES;
				CLANG_WARN_ENUM_CONVERSION = YES;
				CLANG_WARN_INFINITE_RECURSION = YES;
				CLANG_WARN_INT_CONVERSION = YES;
				CLANG_WARN_NON_LITERAL_NULL_CONVERSION = YES;
				CLANG_WARN_OBJC_IMPLICIT_RETAIN_SELF = YES;
				CLANG_WARN_OBJC_LITERAL_CONVERSION = YES;
				CLANG_WARN_OBJC_ROOT_CLASS = YES_ERROR;
				CLANG_WARN_RANGE_LOOP_ANALYSIS = YES;
				CLANG_WARN_STRICT_PROTOTYPES = YES;
				CLANG_WARN_SUSPICIOUS_MOVE = YES;
				CLANG_WARN_UNGUARDED_AVAILABILITY = YES_AGGRESSIVE;
				CLANG_WARN_UNREACHABLE_CODE = YES;
				CLANG_WARN__DUPLICATE_METHOD_MATCH = YES;
				CODE_SIGN_IDENTITY = "iPhone Developer";
				COPY_PHASE_STRIP = NO;
				DEBUG_INFORMATION_FORMAT = dwarf;
				ENABLE_STRICT_OBJC_MSGSEND = YES;
				ENABLE_TESTABILITY = YES;
				GCC_C_LANGUAGE_STANDARD = gnu11;
				GCC_DYNAMIC_NO_PIC = NO;
				GCC_NO_COMMON_BLOCKS = YES;
				GCC_OPTIMIZATION_LEVEL = 0;
				GCC_PREPROCESSOR_DEFINITIONS = (
					"DEBUG=1",
					"$(inherited)",
				);
				GCC_WARN_64_TO_32_BIT_CONVERSION = YES;
				GCC_WARN_ABOUT_RETURN_TYPE = YES_ERROR;
				GCC_WARN_UNDECLARED_SELECTOR = YES;
				GCC_WARN_UNINITIALIZED_AUTOS = YES_AGGRESSIVE;
				GCC_WARN_UNUSED_FUNCTION = YES;
				GCC_WARN_UNUSED_VARIABLE = YES;
				IPHONEOS_DEPLOYMENT_TARGET = 12.1;
				MTL_ENABLE_DEBUG_INFO = INCLUDE_SOURCE;
				MTL_FAST_MATH = YES;
				ONLY_ACTIVE_ARCH = YES;
				SDKROOT = iphoneos;
				SWIFT_ACTIVE_COMPILATION_CONDITIONS = DEBUG;
				SWIFT_OPTIMIZATION_LEVEL = "-Onone";
			};
			name = Debug;
		};
		75568B652196CAF7005C72AF /* Release */ = {
			isa = XCBuildConfiguration;
			buildSettings = {
				ALWAYS_SEARCH_USER_PATHS = NO;
				CLANG_ANALYZER_NONNULL = YES;
				CLANG_ANALYZER_NUMBER_OBJECT_CONVERSION = YES_AGGRESSIVE;
				CLANG_CXX_LANGUAGE_STANDARD = "gnu++14";
				CLANG_CXX_LIBRARY = "libc++";
				CLANG_ENABLE_MODULES = YES;
				CLANG_ENABLE_OBJC_ARC = YES;
				CLANG_ENABLE_OBJC_WEAK = YES;
				CLANG_WARN_BLOCK_CAPTURE_AUTORELEASING = YES;
				CLANG_WARN_BOOL_CONVERSION = YES;
				CLANG_WARN_COMMA = YES;
				CLANG_WARN_CONSTANT_CONVERSION = YES;
				CLANG_WARN_DEPRECATED_OBJC_IMPLEMENTATIONS = YES;
				CLANG_WARN_DIRECT_OBJC_ISA_USAGE = YES_ERROR;
				CLANG_WARN_DOCUMENTATION_COMMENTS = YES;
				CLANG_WARN_EMPTY_BODY = YES;
				CLANG_WARN_ENUM_CONVERSION = YES;
				CLANG_WARN_INFINITE_RECURSION = YES;
				CLANG_WARN_INT_CONVERSION = YES;
				CLANG_WARN_NON_LITERAL_NULL_CONVERSION = YES;
				CLANG_WARN_OBJC_IMPLICIT_RETAIN_SELF = YES;
				CLANG_WARN_OBJC_LITERAL_CONVERSION = YES;
				CLANG_WARN_OBJC_ROOT_CLASS = YES_ERROR;
				CLANG_WARN_RANGE_LOOP_ANALYSIS = YES;
				CLANG_WARN_STRICT_PROTOTYPES = YES;
				CLANG_WARN_SUSPICIOUS_MOVE = YES;
				CLANG_WARN_UNGUARDED_AVAILABILITY = YES_AGGRESSIVE;
				CLANG_WARN_UNREACHABLE_CODE = YES;
				CLANG_WARN__DUPLICATE_METHOD_MATCH = YES;
				CODE_SIGN_IDENTITY = "iPhone Developer";
				COPY_PHASE_STRIP = NO;
				DEBUG_INFORMATION_FORMAT = "dwarf-with-dsym";
				ENABLE_NS_ASSERTIONS = NO;
				ENABLE_STRICT_OBJC_MSGSEND = YES;
				GCC_C_LANGUAGE_STANDARD = gnu11;
				GCC_NO_COMMON_BLOCKS = YES;
				GCC_WARN_64_TO_32_BIT_CONVERSION = YES;
				GCC_WARN_ABOUT_RETURN_TYPE = YES_ERROR;
				GCC_WARN_UNDECLARED_SELECTOR = YES;
				GCC_WARN_UNINITIALIZED_AUTOS = YES_AGGRESSIVE;
				GCC_WARN_UNUSED_FUNCTION = YES;
				GCC_WARN_UNUSED_VARIABLE = YES;
				IPHONEOS_DEPLOYMENT_TARGET = 12.1;
				MTL_ENABLE_DEBUG_INFO = NO;
				MTL_FAST_MATH = YES;
				SDKROOT = iphoneos;
				SWIFT_COMPILATION_MODE = wholemodule;
				SWIFT_OPTIMIZATION_LEVEL = "-O";
				VALIDATE_PRODUCT = YES;
			};
			name = Release;
		};
		75568B672196CAF7005C72AF /* Debug */ = {
			isa = XCBuildConfiguration;
			buildSettings = {
				ASSETCATALOG_COMPILER_APPICON_NAME = AppIcon;
				CODE_SIGN_STYLE = Automatic;
				DEVELOPMENT_TEAM = V522YN2PPQ;
				INFOPLIST_FILE = MemeMe/Info.plist;
				LD_RUNPATH_SEARCH_PATHS = (
					"$(inherited)",
					"@executable_path/Frameworks",
				);
				PRODUCT_BUNDLE_IDENTIFIER = Hessa.AlMuhanna.MemeMe;
				PRODUCT_NAME = "$(TARGET_NAME)";
				SWIFT_VERSION = 4.2;
				TARGETED_DEVICE_FAMILY = "1,2";
			};
			name = Debug;
		};
		75568B682196CAF7005C72AF /* Release */ = {
			isa = XCBuildConfiguration;
			buildSettings = {
				ASSETCATALOG_COMPILER_APPICON_NAME = AppIcon;
				CODE_SIGN_STYLE = Automatic;
				DEVELOPMENT_TEAM = V522YN2PPQ;
				INFOPLIST_FILE = MemeMe/Info.plist;
				LD_RUNPATH_SEARCH_PATHS = (
					"$(inherited)",
					"@executable_path/Frameworks",
				);
				PRODUCT_BUNDLE_IDENTIFIER = Hessa.AlMuhanna.MemeMe;
				PRODUCT_NAME = "$(TARGET_NAME)";
				SWIFT_VERSION = 4.2;
				TARGETED_DEVICE_FAMILY = "1,2";
			};
			name = Release;
		};
		75568B6A2196CAF7005C72AF /* Debug */ = {
			isa = XCBuildConfiguration;
			buildSettings = {
				ALWAYS_EMBED_SWIFT_STANDARD_LIBRARIES = YES;
				BUNDLE_LOADER = "$(TEST_HOST)";
				CODE_SIGN_STYLE = Automatic;
				INFOPLIST_FILE = MemeMeTests/Info.plist;
				LD_RUNPATH_SEARCH_PATHS = (
					"$(inherited)",
					"@executable_path/Frameworks",
					"@loader_path/Frameworks",
				);
				PRODUCT_BUNDLE_IDENTIFIER = Hessa.AlMuhanna.MemeMeTests;
				PRODUCT_NAME = "$(TARGET_NAME)";
				SWIFT_VERSION = 4.2;
				TARGETED_DEVICE_FAMILY = "1,2";
				TEST_HOST = "$(BUILT_PRODUCTS_DIR)/MemeMe.app/MemeMe";
			};
			name = Debug;
		};
		75568B6B2196CAF7005C72AF /* Release */ = {
			isa = XCBuildConfiguration;
			buildSettings = {
				ALWAYS_EMBED_SWIFT_STANDARD_LIBRARIES = YES;
				BUNDLE_LOADER = "$(TEST_HOST)";
				CODE_SIGN_STYLE = Automatic;
				INFOPLIST_FILE = MemeMeTests/Info.plist;
				LD_RUNPATH_SEARCH_PATHS = (
					"$(inherited)",
					"@executable_path/Frameworks",
					"@loader_path/Frameworks",
				);
				PRODUCT_BUNDLE_IDENTIFIER = Hessa.AlMuhanna.MemeMeTests;
				PRODUCT_NAME = "$(TARGET_NAME)";
				SWIFT_VERSION = 4.2;
				TARGETED_DEVICE_FAMILY = "1,2";
				TEST_HOST = "$(BUILT_PRODUCTS_DIR)/MemeMe.app/MemeMe";
			};
			name = Release;
		};
		75568B6D2196CAF7005C72AF /* Debug */ = {
			isa = XCBuildConfiguration;
			buildSettings = {
				ALWAYS_EMBED_SWIFT_STANDARD_LIBRARIES = YES;
				CODE_SIGN_STYLE = Automatic;
				INFOPLIST_FILE = MemeMeUITests/Info.plist;
				LD_RUNPATH_SEARCH_PATHS = (
					"$(inherited)",
					"@executable_path/Frameworks",
					"@loader_path/Frameworks",
				);
				PRODUCT_BUNDLE_IDENTIFIER = Hessa.AlMuhanna.MemeMeUITests;
				PRODUCT_NAME = "$(TARGET_NAME)";
				SWIFT_VERSION = 4.2;
				TARGETED_DEVICE_FAMILY = "1,2";
				TEST_TARGET_NAME = MemeMe;
			};
			name = Debug;
		};
		75568B6E2196CAF7005C72AF /* Release */ = {
			isa = XCBuildConfiguration;
			buildSettings = {
				ALWAYS_EMBED_SWIFT_STANDARD_LIBRARIES = YES;
				CODE_SIGN_STYLE = Automatic;
				INFOPLIST_FILE = MemeMeUITests/Info.plist;
				LD_RUNPATH_SEARCH_PATHS = (
					"$(inherited)",
					"@executable_path/Frameworks",
					"@loader_path/Frameworks",
				);
				PRODUCT_BUNDLE_IDENTIFIER = Hessa.AlMuhanna.MemeMeUITests;
				PRODUCT_NAME = "$(TARGET_NAME)";
				SWIFT_VERSION = 4.2;
				TARGETED_DEVICE_FAMILY = "1,2";
				TEST_TARGET_NAME = MemeMe;
			};
			name = Release;
		};
/* End XCBuildConfiguration section */

/* Begin XCConfigurationList section */
		75568B392196CAF3005C72AF /* Build configuration list for PBXProject "MemeMe" */ = {
			isa = XCConfigurationList;
			buildConfigurations = (
				75568B642196CAF7005C72AF /* Debug */,
				75568B652196CAF7005C72AF /* Release */,
			);
			defaultConfigurationIsVisible = 0;
			defaultConfigurationName = Release;
		};
		75568B662196CAF7005C72AF /* Build configuration list for PBXNativeTarget "MemeMe" */ = {
			isa = XCConfigurationList;
			buildConfigurations = (
				75568B672196CAF7005C72AF /* Debug */,
				75568B682196CAF7005C72AF /* Release */,
			);
			defaultConfigurationIsVisible = 0;
			defaultConfigurationName = Release;
		};
		75568B692196CAF7005C72AF /* Build configuration list for PBXNativeTarget "MemeMeTests" */ = {
			isa = XCConfigurationList;
			buildConfigurations = (
				75568B6A2196CAF7005C72AF /* Debug */,
				75568B6B2196CAF7005C72AF /* Release */,
			);
			defaultConfigurationIsVisible = 0;
			defaultConfigurationName = Release;
		};
		75568B6C2196CAF7005C72AF /* Build configuration list for PBXNativeTarget "MemeMeUITests" */ = {
			isa = XCConfigurationList;
			buildConfigurations = (
				75568B6D2196CAF7005C72AF /* Debug */,
				75568B6E2196CAF7005C72AF /* Release */,
			);
			defaultConfigurationIsVisible = 0;
			defaultConfigurationName = Release;
		};
/* End XCConfigurationList section */
	};
	rootObject = 75568B362196CAF3005C72AF /* Project object */;
}
